
Microsoft Visual Studio Solution File, Format Version 12.00
# Visual Studio Version 16
VisualStudioVersion = 16.0.29201.188
MinimumVisualStudioVersion = 10.0.40219.1
Project("{2150E333-8FDC-42A3-9474-1A3956D46DE8}") = "0. Entity", "0. Entity", "{C62EBCB0-49BC-4203-9396-BA16E7ACB51E}"
EndProject
Project("{2150E333-8FDC-42A3-9474-1A3956D46DE8}") = "1. System", "1. System", "{6F8840C5-C699-425E-8350-31FBB97A8380}"
EndProject
Project("{2150E333-8FDC-42A3-9474-1A3956D46DE8}") = "1.1 WEB", "1.1 WEB", "{053477E6-C34A-4C1D-9E18-9D68901BC389}"
EndProject
Project("{2150E333-8FDC-42A3-9474-1A3956D46DE8}") = "1.2 BLL", "1.2 BLL", "{42635EBD-E089-4885-87F6-0D46B289B976}"
EndProject
Project("{2150E333-8FDC-42A3-9474-1A3956D46DE8}") = "1.3 DAL", "1.3 DAL", "{8D44D06C-9162-4818-99C0-41EA701CA3F8}"
EndProject
Project("{2150E333-8FDC-42A3-9474-1A3956D46DE8}") = "2. Utilities", "2. Utilities", "{A3E94420-8A76-4F1C-9D60-2999581F5ABD}"
EndProject
Project("{FAE04EC0-301F-11D3-BF4B-00C04F79EFBC}") = "WebWorking", "WebWorking\WebWorking.csproj", "{7277FAE8-A8A0-44E3-8795-41421BF6B957}"
EndProject
Project("{FAE04EC0-301F-11D3-BF4B-00C04F79EFBC}") = "WebWorking.Tests", "1.1 WEB\WebWorking.Tests\WebWorking.Tests.csproj", "{1A512536-B8A7-469C-BAF0-F7346369C2F5}"
EndProject
Project("{FAE04EC0-301F-11D3-BF4B-00C04F79EFBC}") = "WorkApp.DAL", "WorkApp.DAL\WorkApp.DAL.csproj", "{07AB1EE1-B04B-4801-8A29-236BB3D53E1B}"
EndProject
Project("{FAE04EC0-301F-11D3-BF4B-00C04F79EFBC}") = "WorkApp.Entity", "WorkApp.Entity\WorkApp.Entity.csproj", "{72173C6A-92BC-4ED4-ACA9-B494A1955573}"
EndProject
Project("{FAE04EC0-301F-11D3-BF4B-00C04F79EFBC}") = "WorkApp.BLL", "WorkApp.BLL\WorkApp.BLL.csproj", "{C7B1703C-0054-454F-8FAA-4267FD3EFF0D}"
EndProject
Global
	GlobalSection(SolutionConfigurationPlatforms) = preSolution
		Debug|Any CPU = Debug|Any CPU
		Release|Any CPU = Release|Any CPU
	EndGlobalSection
	GlobalSection(ProjectConfigurationPlatforms) = postSolution
		{7277FAE8-A8A0-44E3-8795-41421BF6B957}.Debug|Any CPU.ActiveCfg = Debug|Any CPU
		{7277FAE8-A8A0-44E3-8795-41421BF6B957}.Debug|Any CPU.Build.0 = Debug|Any CPU
		{7277FAE8-A8A0-44E3-8795-41421BF6B957}.Release|Any CPU.ActiveCfg = Release|Any CPU
		{7277FAE8-A8A0-44E3-8795-41421BF6B957}.Release|Any CPU.Build.0 = Release|Any CPU
		{1A512536-B8A7-469C-BAF0-F7346369C2F5}.Debug|Any CPU.ActiveCfg = Debug|Any CPU
		{1A512536-B8A7-469C-BAF0-F7346369C2F5}.Debug|Any CPU.Build.0 = Debug|Any CPU
		{1A512536-B8A7-469C-BAF0-F7346369C2F5}.Release|Any CPU.ActiveCfg = Release|Any CPU
		{1A512536-B8A7-469C-BAF0-F7346369C2F5}.Release|Any CPU.Build.0 = Release|Any CPU
		{07AB1EE1-B04B-4801-8A29-236BB3D53E1B}.Debug|Any CPU.ActiveCfg = Debug|Any CPU
		{07AB1EE1-B04B-4801-8A29-236BB3D53E1B}.Debug|Any CPU.Build.0 = Debug|Any CPU
		{07AB1EE1-B04B-4801-8A29-236BB3D53E1B}.Release|Any CPU.ActiveCfg = Release|Any CPU
		{07AB1EE1-B04B-4801-8A29-236BB3D53E1B}.Release|Any CPU.Build.0 = Release|Any CPU
		{72173C6A-92BC-4ED4-ACA9-B494A1955573}.Debug|Any CPU.ActiveCfg = Debug|Any CPU
		{72173C6A-92BC-4ED4-ACA9-B494A1955573}.Debug|Any CPU.Build.0 = Debug|Any CPU
		{72173C6A-92BC-4ED4-ACA9-B494A1955573}.Release|Any CPU.ActiveCfg = Release|Any CPU
		{72173C6A-92BC-4ED4-ACA9-B494A1955573}.Release|Any CPU.Build.0 = Release|Any CPU
		{C7B1703C-0054-454F-8FAA-4267FD3EFF0D}.Debug|Any CPU.ActiveCfg = Debug|Any CPU
		{C7B1703C-0054-454F-8FAA-4267FD3EFF0D}.Debug|Any CPU.Build.0 = Debug|Any CPU
		{C7B1703C-0054-454F-8FAA-4267FD3EFF0D}.Release|Any CPU.ActiveCfg = Release|Any CPU
		{C7B1703C-0054-454F-8FAA-4267FD3EFF0D}.Release|Any CPU.Build.0 = Release|Any CPU
	EndGlobalSection
	GlobalSection(SolutionProperties) = preSolution
		HideSolutionNode = FALSE
	EndGlobalSection
	GlobalSection(NestedProjects) = preSolution
		{053477E6-C34A-4C1D-9E18-9D68901BC389} = {6F8840C5-C699-425E-8350-31FBB97A8380}
		{42635EBD-E089-4885-87F6-0D46B289B976} = {6F8840C5-C699-425E-8350-31FBB97A8380}
		{8D44D06C-9162-4818-99C0-41EA701CA3F8} = {6F8840C5-C699-425E-8350-31FBB97A8380}
		{7277FAE8-A8A0-44E3-8795-41421BF6B957} = {053477E6-C34A-4C1D-9E18-9D68901BC389}
		{1A512536-B8A7-469C-BAF0-F7346369C2F5} = {053477E6-C34A-4C1D-9E18-9D68901BC389}
		{07AB1EE1-B04B-4801-8A29-236BB3D53E1B} = {8D44D06C-9162-4818-99C0-41EA701CA3F8}
		{72173C6A-92BC-4ED4-ACA9-B494A1955573} = {C62EBCB0-49BC-4203-9396-BA16E7ACB51E}
		{C7B1703C-0054-454F-8FAA-4267FD3EFF0D} = {42635EBD-E089-4885-87F6-0D46B289B976}
	EndGlobalSection
	GlobalSection(ExtensibilityGlobals) = postSolution
		SolutionGuid = {0E3E7B22-C8F2-4328-BDF2-46923F5F9021}
	EndGlobalSection
EndGlobal
